
Microsoft Visual Studio Solution File, Format Version 12.00
# Visual Studio Version 16
VisualStudioVersion = 16.0.30011.22
MinimumVisualStudioVersion = 10.0.40219.1
Project("{FAE04EC0-301F-11D3-BF4B-00C04F79EFBC}") = "sportsstore", "sportsstore\sportsstore.csproj", "{5D263C97-DF15-4372-ABD4-A60DB9743EE6}"
EndProject
Global
	GlobalSection(SolutionConfigurationPlatforms) = preSolution
		Debug|Any CPU = Debug|Any CPU
		Release|Any CPU = Release|Any CPU
	EndGlobalSection
	GlobalSection(ProjectConfigurationPlatforms) = postSolution
		{5D263C97-DF15-4372-ABD4-A60DB9743EE6}.Debug|Any CPU.ActiveCfg = Debug|Any CPU
		{5D263C97-DF15-4372-ABD4-A60DB9743EE6}.Debug|Any CPU.Build.0 = Debug|Any CPU
		{5D263C97-DF15-4372-ABD4-A60DB9743EE6}.Release|Any CPU.ActiveCfg = Release|Any CPU
		{5D263C97-DF15-4372-ABD4-A60DB9743EE6}.Release|Any CPU.Build.0 = Release|Any CPU
	EndGlobalSection
	GlobalSection(SolutionProperties) = preSolution
		HideSolutionNode = FALSE
	EndGlobalSection
	GlobalSection(ExtensibilityGlobals) = postSolution
		SolutionGuid = {BD0F903C-5621-4EC4-A5EC-0A1F7E27366F}
	EndGlobalSection
EndGlobal
